{
  "name": "trail-fragmentation-research",
  "version": "1.0.0",
  "lockfileVersion": 3,
  "requires": true,
  "packages": {
    "": {
      "name": "trail-fragmentation-research",
      "version": "1.0.0",
      "license": "MIT",
      "dependencies": {
        "fastgeotoolkit": "^0.2.3"
      }
    },
    "node_modules/fastgeotoolkit": {
      "version": "0.2.3",
      "resolved": "https://registry.npmjs.org/fastgeotoolkit/-/fastgeotoolkit-0.2.3.tgz",
      "integrity": "sha512-J3UmoHoxfPRnUlPxcFwXxuFknOTu0mLQv88ACclorcaz3D6zDveid0dPB+RB4VVfAj7IWrimK5Q0FfWIO36shQ==",
      "license": "MIT",
      "engines": {
        "node": ">=16.0.0"
      }
    }
  }
}
